
Microsoft Visual Studio Solution File, Format Version 12.00
# Visual Studio Version 16
VisualStudioVersion = 16.0.29025.244
MinimumVisualStudioVersion = 10.0.40219.1
Project("{FAE04EC0-301F-11D3-BF4B-00C04F79EFBC}") = "LearnQueue", "LearnQueue.csproj", "{FD6667B6-FADE-41CB-9D0A-BD2BAD3E3F66}"
EndProject
Global
	GlobalSection(SolutionConfigurationPlatforms) = preSolution
		Debug|Any CPU = Debug|Any CPU
		Release|Any CPU = Release|Any CPU
	EndGlobalSection
	GlobalSection(ProjectConfigurationPlatforms) = postSolution
		{FD6667B6-FADE-41CB-9D0A-BD2BAD3E3F66}.Debug|Any CPU.ActiveCfg = Debug|Any CPU
		{FD6667B6-FADE-41CB-9D0A-BD2BAD3E3F66}.Debug|Any CPU.Build.0 = Debug|Any CPU
		{FD6667B6-FADE-41CB-9D0A-BD2BAD3E3F66}.Release|Any CPU.ActiveCfg = Release|Any CPU
		{FD6667B6-FADE-41CB-9D0A-BD2BAD3E3F66}.Release|Any CPU.Build.0 = Release|Any CPU
	EndGlobalSection
	GlobalSection(SolutionProperties) = preSolution
		HideSolutionNode = FALSE
	EndGlobalSection
	GlobalSection(ExtensibilityGlobals) = postSolution
		SolutionGuid = {57FB15C7-A5F8-4F19-A0F4-0660EF04F2AA}
	EndGlobalSection
EndGlobal
